{
  "originHash" : "1561ee4128d8e2a23df313d188468e0e7d99bbc124d24e9477bccf47f3946fa8",
  "pins" : [
    {
      "identity" : "aptabase-swift",
      "kind" : "remoteSourceControl",
      "location" : "https://github.com/aptabase/aptabase-swift.git",
      "state" : {
        "revision" : "cfd67fac2a228d448d9d2ac92ffc71589cc3ef00",
        "version" : "0.3.11"
      }
    }
  ],
  "version" : 3
}
